// !$*UTF8*$!
{
	archiveVersion = 1;
	classes = {
	};
	objectVersion = 56;
	objects = {

/* Begin PBXBuildFile section */
		D5D6DC4B2CED9F9400035FD4 /* AppDelegate.swift in Sources */ = {isa = PBXBuildFile; fileRef = D5D6DC4A2CED9F9400035FD4 /* AppDelegate.swift */; };
		D5D6DC4D2CED9F9400035FD4 /* SceneDelegate.swift in Sources */ = {isa = PBXBuildFile; fileRef = D5D6DC4C2CED9F9400035FD4 /* SceneDelegate.swift */; };
		D5D6DC4F2CED9F9400035FD4 /* ViewController.swift in Sources */ = {isa = PBXBuildFile; fileRef = D5D6DC4E2CED9F9400035FD4 /* ViewController.swift */; };
		D5D6DC522CED9F9400035FD4 /* Base in Resources */ = {isa = PBXBuildFile; fileRef = D5D6DC512CED9F9400035FD4 /* Base */; };
		D5D6DC542CED9F9500035FD4 /* Assets.xcassets in Resources */ = {isa = PBXBuildFile; fileRef = D5D6DC532CED9F9500035FD4 /* Assets.xcassets */; };
		D5D6DC572CED9F9500035FD4 /* Base in Resources */ = {isa = PBXBuildFile; fileRef = D5D6DC562CED9F9500035FD4 /* Base */; };
		D5D6DC622CED9F9500035FD4 /* CollectionViewTests.swift in Sources */ = {isa = PBXBuildFile; fileRef = D5D6DC612CED9F9500035FD4 /* CollectionViewTests.swift */; };
		D5D6DC6C2CED9F9500035FD4 /* CollectionViewUITests.swift in Sources */ = {isa = PBXBuildFile; fileRef = D5D6DC6B2CED9F9500035FD4 /* CollectionViewUITests.swift */; };
		D5D6DC6E2CED9F9500035FD4 /* CollectionViewUITestsLaunchTests.swift in Sources */ = {isa = PBXBuildFile; fileRef = D5D6DC6D2CED9F9500035FD4 /* CollectionViewUITestsLaunchTests.swift */; };
		D5D6DC7B2CEDA5DA00035FD4 /* CollectionViewCell.swift in Sources */ = {isa = PBXBuildFile; fileRef = D5D6DC7A2CEDA5DA00035FD4 /* CollectionViewCell.swift */; };
		D5D6DC7D2CEDC4E300035FD4 /* FirstVC.swift in Sources */ = {isa = PBXBuildFile; fileRef = D5D6DC7C2CEDC4E200035FD4 /* FirstVC.swift */; };
		D5D6DC7F2CEDC50F00035FD4 /* SecondVC.swift in Sources */ = {isa = PBXBuildFile; fileRef = D5D6DC7E2CEDC50F00035FD4 /* SecondVC.swift */; };
/* End PBXBuildFile section */

/* Begin PBXContainerItemProxy section */
		D5D6DC5E2CED9F9500035FD4 /* PBXContainerItemProxy */ = {
			isa = PBXContainerItemProxy;
			containerPortal = D5D6DC3F2CED9F9400035FD4 /* Project object */;
			proxyType = 1;
			remoteGlobalIDString = D5D6DC462CED9F9400035FD4;
			remoteInfo = CollectionView;
		};
		D5D6DC682CED9F9500035FD4 /* PBXContainerItemProxy */ = {
			isa = PBXContainerItemProxy;
			containerPortal = D5D6DC3F2CED9F9400035FD4 /* Project object */;
			proxyType = 1;
			remoteGlobalIDString = D5D6DC462CED9F9400035FD4;
			remoteInfo = CollectionView;
		};
/* End PBXContainerItemProxy section */

/* Begin PBXFileReference section */
		D5D6DC472CED9F9400035FD4 /* CollectionView.app */ = {isa = PBXFileReference; explicitFileType = wrapper.application; includeInIndex = 0; path = CollectionView.app; sourceTree = BUILT_PRODUCTS_DIR; };
		D5D6DC4A2CED9F9400035FD4 /* AppDelegate.swift */ = {isa = PBXFileReference; lastKnownFileType = sourcecode.swift; path = AppDelegate.swift; sourceTree = "<group>"; };
		D5D6DC4C2CED9F9400035FD4 /* SceneDelegate.swift */ = {isa = PBXFileReference; lastKnownFileType = sourcecode.swift; path = SceneDelegate.swift; sourceTree = "<group>"; };
		D5D6DC4E2CED9F9400035FD4 /* ViewController.swift */ = {isa = PBXFileReference; lastKnownFileType = sourcecode.swift; path = ViewController.swift; sourceTree = "<group>"; };
		D5D6DC512CED9F9400035FD4 /* Base */ = {isa = PBXFileReference; lastKnownFileType = file.storyboard; name = Base; path = Base.lproj/Main.storyboard; sourceTree = "<group>"; };
		D5D6DC532CED9F9500035FD4 /* Assets.xcassets */ = {isa = PBXFileReference; lastKnownFileType = folder.assetcatalog; path = Assets.xcassets; sourceTree = "<group>"; };
		D5D6DC562CED9F9500035FD4 /* Base */ = {isa = PBXFileReference; lastKnownFileType = file.storyboard; name = Base; path = Base.lproj/LaunchScreen.storyboard; sourceTree = "<group>"; };
		D5D6DC582CED9F9500035FD4 /* Info.plist */ = {isa = PBXFileReference; lastKnownFileType = text.plist.xml; path = Info.plist; sourceTree = "<group>"; };
		D5D6DC5D2CED9F9500035FD4 /* CollectionViewTests.xctest */ = {isa = PBXFileReference; explicitFileType = wrapper.cfbundle; includeInIndex = 0; path = CollectionViewTests.xctest; sourceTree = BUILT_PRODUCTS_DIR; };
		D5D6DC612CED9F9500035FD4 /* CollectionViewTests.swift */ = {isa = PBXFileReference; lastKnownFileType = sourcecode.swift; path = CollectionViewTests.swift; sourceTree = "<group>"; };
		D5D6DC672CED9F9500035FD4 /* CollectionViewUITests.xctest */ = {isa = PBXFileReference; explicitFileType = wrapper.cfbundle; includeInIndex = 0; path = CollectionViewUITests.xctest; sourceTree = BUILT_PRODUCTS_DIR; };
		D5D6DC6B2CED9F9500035FD4 /* CollectionViewUITests.swift */ = {isa = PBXFileReference; lastKnownFileType = sourcecode.swift; path = CollectionViewUITests.swift; sourceTree = "<group>"; };
		D5D6DC6D2CED9F9500035FD4 /* CollectionViewUITestsLaunchTests.swift */ = {isa = PBXFileReference; lastKnownFileType = sourcecode.swift; path = CollectionViewUITestsLaunchTests.swift; sourceTree = "<group>"; };
		D5D6DC7A2CEDA5DA00035FD4 /* CollectionViewCell.swift */ = {isa = PBXFileReference; lastKnownFileType = sourcecode.swift; path = CollectionViewCell.swift; sourceTree = "<group>"; };
		D5D6DC7C2CEDC4E200035FD4 /* FirstVC.swift */ = {isa = PBXFileReference; lastKnownFileType = sourcecode.swift; path = FirstVC.swift; sourceTree = "<group>"; };
		D5D6DC7E2CEDC50F00035FD4 /* SecondVC.swift */ = {isa = PBXFileReference; lastKnownFileType = sourcecode.swift; path = SecondVC.swift; sourceTree = "<group>"; };
/* End PBXFileReference section */

/* Begin PBXFrameworksBuildPhase section */
		D5D6DC442CED9F9400035FD4 /* Frameworks */ = {
			isa = PBXFrameworksBuildPhase;
			buildActionMask = 2147483647;
			files = (
			);
			runOnlyForDeploymentPostprocessing = 0;
		};
		D5D6DC5A2CED9F9500035FD4 /* Frameworks */ = {
			isa = PBXFrameworksBuildPhase;
			buildActionMask = 2147483647;
			files = (
			);
			runOnlyForDeploymentPostprocessing = 0;
		};
		D5D6DC642CED9F9500035FD4 /* Frameworks */ = {
			isa = PBXFrameworksBuildPhase;
			buildActionMask = 2147483647;
			files = (
			);
			runOnlyForDeploymentPostprocessing = 0;
		};
/* End PBXFrameworksBuildPhase section */

/* Begin PBXGroup section */
		D5D6DC3E2CED9F9400035FD4 = {
			isa = PBXGroup;
			children = (
				D5D6DC492CED9F9400035FD4 /* CollectionView */,
				D5D6DC602CED9F9500035FD4 /* CollectionViewTests */,
				D5D6DC6A2CED9F9500035FD4 /* CollectionViewUITests */,
				D5D6DC482CED9F9400035FD4 /* Products */,
			);
			sourceTree = "<group>";
		};
		D5D6DC482CED9F9400035FD4 /* Products */ = {
			isa = PBXGroup;
			children = (
				D5D6DC472CED9F9400035FD4 /* CollectionView.app */,
				D5D6DC5D2CED9F9500035FD4 /* CollectionViewTests.xctest */,
				D5D6DC672CED9F9500035FD4 /* CollectionViewUITests.xctest */,
			);
			name = Products;
			sourceTree = "<group>";
		};
		D5D6DC492CED9F9400035FD4 /* CollectionView */ = {
			isa = PBXGroup;
			children = (
				D5D6DC4A2CED9F9400035FD4 /* AppDelegate.swift */,
				D5D6DC4C2CED9F9400035FD4 /* SceneDelegate.swift */,
				D5D6DC4E2CED9F9400035FD4 /* ViewController.swift */,
				D5D6DC502CED9F9400035FD4 /* Main.storyboard */,
				D5D6DC7C2CEDC4E200035FD4 /* FirstVC.swift */,
				D5D6DC7E2CEDC50F00035FD4 /* SecondVC.swift */,
				D5D6DC7A2CEDA5DA00035FD4 /* CollectionViewCell.swift */,
				D5D6DC532CED9F9500035FD4 /* Assets.xcassets */,
				D5D6DC552CED9F9500035FD4 /* LaunchScreen.storyboard */,
				D5D6DC582CED9F9500035FD4 /* Info.plist */,
			);
			path = CollectionView;
			sourceTree = "<group>";
		};
		D5D6DC602CED9F9500035FD4 /* CollectionViewTests */ = {
			isa = PBXGroup;
			children = (
				D5D6DC612CED9F9500035FD4 /* CollectionViewTests.swift */,
			);
			path = CollectionViewTests;
			sourceTree = "<group>";
		};
		D5D6DC6A2CED9F9500035FD4 /* CollectionViewUITests */ = {
			isa = PBXGroup;
			children = (
				D5D6DC6B2CED9F9500035FD4 /* CollectionViewUITests.swift */,
				D5D6DC6D2CED9F9500035FD4 /* CollectionViewUITestsLaunchTests.swift */,
			);
			path = CollectionViewUITests;
			sourceTree = "<group>";
		};
/* End PBXGroup section */

/* Begin PBXNativeTarget section */
		D5D6DC462CED9F9400035FD4 /* CollectionView */ = {
			isa = PBXNativeTarget;
			buildConfigurationList = D5D6DC712CED9F9500035FD4 /* Build configuration list for PBXNativeTarget "CollectionView" */;
			buildPhases = (
				D5D6DC432CED9F9400035FD4 /* Sources */,
				D5D6DC442CED9F9400035FD4 /* Frameworks */,
				D5D6DC452CED9F9400035FD4 /* Resources */,
			);
			buildRules = (
			);
			dependencies = (
			);
			name = CollectionView;
			productName = CollectionView;
			productReference = D5D6DC472CED9F9400035FD4 /* CollectionView.app */;
			productType = "com.apple.product-type.application";
		};
		D5D6DC5C2CED9F9500035FD4 /* CollectionViewTests */ = {
			isa = PBXNativeTarget;
			buildConfigurationList = D5D6DC742CED9F9500035FD4 /* Build configuration list for PBXNativeTarget "CollectionViewTests" */;
			buildPhases = (
				D5D6DC592CED9F9500035FD4 /* Sources */,
				D5D6DC5A2CED9F9500035FD4 /* Frameworks */,
				D5D6DC5B2CED9F9500035FD4 /* Resources */,
			);
			buildRules = (
			);
			dependencies = (
				D5D6DC5F2CED9F9500035FD4 /* PBXTargetDependency */,
			);
			name = CollectionViewTests;
			productName = CollectionViewTests;
			productReference = D5D6DC5D2CED9F9500035FD4 /* CollectionViewTests.xctest */;
			productType = "com.apple.product-type.bundle.unit-test";
		};
		D5D6DC662CED9F9500035FD4 /* CollectionViewUITests */ = {
			isa = PBXNativeTarget;
			buildConfigurationList = D5D6DC772CED9F9500035FD4 /* Build configuration list for PBXNativeTarget "CollectionViewUITests" */;
			buildPhases = (
				D5D6DC632CED9F9500035FD4 /* Sources */,
				D5D6DC642CED9F9500035FD4 /* Frameworks */,
				D5D6DC652CED9F9500035FD4 /* Resources */,
			);
			buildRules = (
			);
			dependencies = (
				D5D6DC692CED9F9500035FD4 /* PBXTargetDependency */,
			);
			name = CollectionViewUITests;
			productName = CollectionViewUITests;
			productReference = D5D6DC672CED9F9500035FD4 /* CollectionViewUITests.xctest */;
			productType = "com.apple.product-type.bundle.ui-testing";
		};
/* End PBXNativeTarget section */

/* Begin PBXProject section */
		D5D6DC3F2CED9F9400035FD4 /* Project object */ = {
			isa = PBXProject;
			attributes = {
				BuildIndependentTargetsInParallel = 1;
				LastSwiftUpdateCheck = 1540;
				LastUpgradeCheck = 1540;
				TargetAttributes = {
					D5D6DC462CED9F9400035FD4 = {
						CreatedOnToolsVersion = 15.4;
					};
					D5D6DC5C2CED9F9500035FD4 = {
						CreatedOnToolsVersion = 15.4;
						TestTargetID = D5D6DC462CED9F9400035FD4;
					};
					D5D6DC662CED9F9500035FD4 = {
						CreatedOnToolsVersion = 15.4;
						TestTargetID = D5D6DC462CED9F9400035FD4;
					};
				};
			};
			buildConfigurationList = D5D6DC422CED9F9400035FD4 /* Build configuration list for PBXProject "CollectionView" */;
			compatibilityVersion = "Xcode 14.0";
			developmentRegion = en;
			hasScannedForEncodings = 0;
			knownRegions = (
				en,
				Base,
			);
			mainGroup = D5D6DC3E2CED9F9400035FD4;
			productRefGroup = D5D6DC482CED9F9400035FD4 /* Products */;
			projectDirPath = "";
			projectRoot = "";
			targets = (
				D5D6DC462CED9F9400035FD4 /* CollectionView */,
				D5D6DC5C2CED9F9500035FD4 /* CollectionViewTests */,
				D5D6DC662CED9F9500035FD4 /* CollectionViewUITests */,
			);
		};
/* End PBXProject section */

/* Begin PBXResourcesBuildPhase section */
		D5D6DC452CED9F9400035FD4 /* Resources */ = {
			isa = PBXResourcesBuildPhase;
			buildActionMask = 2147483647;
			files = (
				D5D6DC542CED9F9500035FD4 /* Assets.xcassets in Resources */,
				D5D6DC572CED9F9500035FD4 /* Base in Resources */,
				D5D6DC522CED9F9400035FD4 /* Base in Resources */,
			);
			runOnlyForDeploymentPostprocessing = 0;
		};
		D5D6DC5B2CED9F9500035FD4 /* Resources */ = {
			isa = PBXResourcesBuildPhase;
			buildActionMask = 2147483647;
			files = (
			);
			runOnlyForDeploymentPostprocessing = 0;
		};
		D5D6DC652CED9F9500035FD4 /* Resources */ = {
			isa = PBXResourcesBuildPhase;
			buildActionMask = 2147483647;
			files = (
			);
			runOnlyForDeploymentPostprocessing = 0;
		};
/* End PBXResourcesBuildPhase section */

/* Begin PBXSourcesBuildPhase section */
		D5D6DC432CED9F9400035FD4 /* Sources */ = {
			isa = PBXSourcesBuildPhase;
			buildActionMask = 2147483647;
			files = (
				D5D6DC4F2CED9F9400035FD4 /* ViewController.swift in Sources */,
				D5D6DC4B2CED9F9400035FD4 /* AppDelegate.swift in Sources */,
				D5D6DC7B2CEDA5DA00035FD4 /* CollectionViewCell.swift in Sources */,
				D5D6DC7D2CEDC4E300035FD4 /* FirstVC.swift in Sources */,
				D5D6DC7F2CEDC50F00035FD4 /* SecondVC.swift in Sources */,
				D5D6DC4D2CED9F9400035FD4 /* SceneDelegate.swift in Sources */,
			);
			runOnlyForDeploymentPostprocessing = 0;
		};
		D5D6DC592CED9F9500035FD4 /* Sources */ = {
			isa = PBXSourcesBuildPhase;
			buildActionMask = 2147483647;
			files = (
				D5D6DC622CED9F9500035FD4 /* CollectionViewTests.swift in Sources */,
			);
			runOnlyForDeploymentPostprocessing = 0;
		};
		D5D6DC632CED9F9500035FD4 /* Sources */ = {
			isa = PBXSourcesBuildPhase;
			buildActionMask = 2147483647;
			files = (
				D5D6DC6C2CED9F9500035FD4 /* CollectionViewUITests.swift in Sources */,
				D5D6DC6E2CED9F9500035FD4 /* CollectionViewUITestsLaunchTests.swift in Sources */,
			);
			runOnlyForDeploymentPostprocessing = 0;
		};
/* End PBXSourcesBuildPhase section */

/* Begin PBXTargetDependency section */
		D5D6DC5F2CED9F9500035FD4 /* PBXTargetDependency */ = {
			isa = PBXTargetDependency;
			target = D5D6DC462CED9F9400035FD4 /* CollectionView */;
			targetProxy = D5D6DC5E2CED9F9500035FD4 /* PBXContainerItemProxy */;
		};
		D5D6DC692CED9F9500035FD4 /* PBXTargetDependency */ = {
			isa = PBXTargetDependency;
			target = D5D6DC462CED9F9400035FD4 /* CollectionView */;
			targetProxy = D5D6DC682CED9F9500035FD4 /* PBXContainerItemProxy */;
		};
/* End PBXTargetDependency section */

/* Begin PBXVariantGroup section */
		D5D6DC502CED9F9400035FD4 /* Main.storyboard */ = {
			isa = PBXVariantGroup;
			children = (
				D5D6DC512CED9F9400035FD4 /* Base */,
			);
			name = Main.storyboard;
			sourceTree = "<group>";
		};
		D5D6DC552CED9F9500035FD4 /* LaunchScreen.storyboard */ = {
			isa = PBXVariantGroup;
			children = (
				D5D6DC562CED9F9500035FD4 /* Base */,
			);
			name = LaunchScreen.storyboard;
			sourceTree = "<group>";
		};
/* End PBXVariantGroup section */

/* Begin XCBuildConfiguration section */
		D5D6DC6F2CED9F9500035FD4 /* Debug */ = {
			isa = XCBuildConfiguration;
			buildSettings = {
				ALWAYS_SEARCH_USER_PATHS = NO;
				ASSETCATALOG_COMPILER_GENERATE_SWIFT_ASSET_SYMBOL_EXTENSIONS = YES;
				CLANG_ANALYZER_NONNULL = YES;
				CLANG_ANALYZER_NUMBER_OBJECT_CONVERSION = YES_AGGRESSIVE;
				CLANG_CXX_LANGUAGE_STANDARD = "gnu++20";
				CLANG_ENABLE_MODULES = YES;
				CLANG_ENABLE_OBJC_ARC = YES;
				CLANG_ENABLE_OBJC_WEAK = YES;
				CLANG_WARN_BLOCK_CAPTURE_AUTORELEASING = YES;
				CLANG_WARN_BOOL_CONVERSION = YES;
				CLANG_WARN_COMMA = YES;
				CLANG_WARN_CONSTANT_CONVERSION = YES;
				CLANG_WARN_DEPRECATED_OBJC_IMPLEMENTATIONS = YES;
				CLANG_WARN_DIRECT_OBJC_ISA_USAGE = YES_ERROR;
				CLANG_WARN_DOCUMENTATION_COMMENTS = YES;
				CLANG_WARN_EMPTY_BODY = YES;
				CLANG_WARN_ENUM_CONVERSION = YES;
				CLANG_WARN_INFINITE_RECURSION = YES;
				CLANG_WARN_INT_CONVERSION = YES;
				CLANG_WARN_NON_LITERAL_NULL_CONVERSION = YES;
				CLANG_WARN_OBJC_IMPLICIT_RETAIN_SELF = YES;
				CLANG_WARN_OBJC_LITERAL_CONVERSION = YES;
				CLANG_WARN_OBJC_ROOT_CLASS = YES_ERROR;
				CLANG_WARN_QUOTED_INCLUDE_IN_FRAMEWORK_HEADER = YES;
				CLANG_WARN_RANGE_LOOP_ANALYSIS = YES;
				CLANG_WARN_STRICT_PROTOTYPES = YES;
				CLANG_WARN_SUSPICIOUS_MOVE = YES;
				CLANG_WARN_UNGUARDED_AVAILABILITY = YES_AGGRESSIVE;
				CLANG_WARN_UNREACHABLE_CODE = YES;
				CLANG_WARN__DUPLICATE_METHOD_MATCH = YES;
				COPY_PHASE_STRIP = NO;
				DEBUG_INFORMATION_FORMAT = dwarf;
				ENABLE_STRICT_OBJC_MSGSEND = YES;
				ENABLE_TESTABILITY = YES;
				ENABLE_USER_SCRIPT_SANDBOXING = YES;
				GCC_C_LANGUAGE_STANDARD = gnu17;
				GCC_DYNAMIC_NO_PIC = NO;
				GCC_NO_COMMON_BLOCKS = YES;
				GCC_OPTIMIZATION_LEVEL = 0;
				GCC_PREPROCESSOR_DEFINITIONS = (
					"DEBUG=1",
					"$(inherited)",
				);
				GCC_WARN_64_TO_32_BIT_CONVERSION = YES;
				GCC_WARN_ABOUT_RETURN_TYPE = YES_ERROR;
				GCC_WARN_UNDECLARED_SELECTOR = YES;
				GCC_WARN_UNINITIALIZED_AUTOS = YES_AGGRESSIVE;
				GCC_WARN_UNUSED_FUNCTION = YES;
				GCC_WARN_UNUSED_VARIABLE = YES;
				IPHONEOS_DEPLOYMENT_TARGET = 17.5;
				LOCALIZATION_PREFERS_STRING_CATALOGS = YES;
				MTL_ENABLE_DEBUG_INFO = INCLUDE_SOURCE;
				MTL_FAST_MATH = YES;
				ONLY_ACTIVE_ARCH = YES;
				SDKROOT = iphoneos;
				SWIFT_ACTIVE_COMPILATION_CONDITIONS = "DEBUG $(inherited)";
				SWIFT_OPTIMIZATION_LEVEL = "-Onone";
			};
			name = Debug;
		};
		D5D6DC702CED9F9500035FD4 /* Release */ = {
			isa = XCBuildConfiguration;
			buildSettings = {
				ALWAYS_SEARCH_USER_PATHS = NO;
				ASSETCATALOG_COMPILER_GENERATE_SWIFT_ASSET_SYMBOL_EXTENSIONS = YES;
				CLANG_ANALYZER_NONNULL = YES;
				CLANG_ANALYZER_NUMBER_OBJECT_CONVERSION = YES_AGGRESSIVE;
				CLANG_CXX_LANGUAGE_STANDARD = "gnu++20";
				CLANG_ENABLE_MODULES = YES;
				CLANG_ENABLE_OBJC_ARC = YES;
				CLANG_ENABLE_OBJC_WEAK = YES;
				CLANG_WARN_BLOCK_CAPTURE_AUTORELEASING = YES;
				CLANG_WARN_BOOL_CONVERSION = YES;
				CLANG_WARN_COMMA = YES;
				CLANG_WARN_CONSTANT_CONVERSION = YES;
				CLANG_WARN_DEPRECATED_OBJC_IMPLEMENTATIONS = YES;
				CLANG_WARN_DIRECT_OBJC_ISA_USAGE = YES_ERROR;
				CLANG_WARN_DOCUMENTATION_COMMENTS = YES;
				CLANG_WARN_EMPTY_BODY = YES;
				CLANG_WARN_ENUM_CONVERSION = YES;
				CLANG_WARN_INFINITE_RECURSION = YES;
				CLANG_WARN_INT_CONVERSION = YES;
				CLANG_WARN_NON_LITERAL_NULL_CONVERSION = YES;
				CLANG_WARN_OBJC_IMPLICIT_RETAIN_SELF = YES;
				CLANG_WARN_OBJC_LITERAL_CONVERSION = YES;
				CLANG_WARN_OBJC_ROOT_CLASS = YES_ERROR;
				CLANG_WARN_QUOTED_INCLUDE_IN_FRAMEWORK_HEADER = YES;
				CLANG_WARN_RANGE_LOOP_ANALYSIS = YES;
				CLANG_WARN_STRICT_PROTOTYPES = YES;
				CLANG_WARN_SUSPICIOUS_MOVE = YES;
				CLANG_WARN_UNGUARDED_AVAILABILITY = YES_AGGRESSIVE;
				CLANG_WARN_UNREACHABLE_CODE = YES;
				CLANG_WARN__DUPLICATE_METHOD_MATCH = YES;
				COPY_PHASE_STRIP = NO;
				DEBUG_INFORMATION_FORMAT = "dwarf-with-dsym";
				ENABLE_NS_ASSERTIONS = NO;
				ENABLE_STRICT_OBJC_MSGSEND = YES;
				ENABLE_USER_SCRIPT_SANDBOXING = YES;
				GCC_C_LANGUAGE_STANDARD = gnu17;
				GCC_NO_COMMON_BLOCKS = YES;
				GCC_WARN_64_TO_32_BIT_CONVERSION = YES;
				GCC_WARN_ABOUT_RETURN_TYPE = YES_ERROR;
				GCC_WARN_UNDECLARED_SELECTOR = YES;
				GCC_WARN_UNINITIALIZED_AUTOS = YES_AGGRESSIVE;
				GCC_WARN_UNUSED_FUNCTION = YES;
				GCC_WARN_UNUSED_VARIABLE = YES;
				IPHONEOS_DEPLOYMENT_TARGET = 17.5;
				LOCALIZATION_PREFERS_STRING_CATALOGS = YES;
				MTL_ENABLE_DEBUG_INFO = NO;
				MTL_FAST_MATH = YES;
				SDKROOT = iphoneos;
				SWIFT_COMPILATION_MODE = wholemodule;
				VALIDATE_PRODUCT = YES;
			};
			name = Release;
		};
		D5D6DC722CED9F9500035FD4 /* Debug */ = {
			isa = XCBuildConfiguration;
			buildSettings = {
				ASSETCATALOG_COMPILER_APPICON_NAME = AppIcon;
				ASSETCATALOG_COMPILER_GLOBAL_ACCENT_COLOR_NAME = AccentColor;
				CODE_SIGN_STYLE = Automatic;
				CURRENT_PROJECT_VERSION = 1;
				GENERATE_INFOPLIST_FILE = YES;
				INFOPLIST_FILE = CollectionView/Info.plist;
				INFOPLIST_KEY_UIApplicationSupportsIndirectInputEvents = YES;
				INFOPLIST_KEY_UILaunchStoryboardName = LaunchScreen;
				INFOPLIST_KEY_UIMainStoryboardFile = Main;
				INFOPLIST_KEY_UISupportedInterfaceOrientations_iPad = "UIInterfaceOrientationPortrait UIInterfaceOrientationPortraitUpsideDown UIInterfaceOrientationLandscapeLeft UIInterfaceOrientationLandscapeRight";
				INFOPLIST_KEY_UISupportedInterfaceOrientations_iPhone = "UIInterfaceOrientationPortrait UIInterfaceOrientationLandscapeLeft UIInterfaceOrientationLandscapeRight";
				LD_RUNPATH_SEARCH_PATHS = (
					"$(inherited)",
					"@executable_path/Frameworks",
				);
				MARKETING_VERSION = 1.0;
				PRODUCT_BUNDLE_IDENTIFIER = manasi.CollectionView;
				PRODUCT_NAME = "$(TARGET_NAME)";
				SWIFT_EMIT_LOC_STRINGS = YES;
				SWIFT_VERSION = 5.0;
				TARGETED_DEVICE_FAMILY = "1,2";
			};
			name = Debug;
		};
		D5D6DC732CED9F9500035FD4 /* Release */ = {
			isa = XCBuildConfiguration;
			buildSettings = {
				ASSETCATALOG_COMPILER_APPICON_NAME = AppIcon;
				ASSETCATALOG_COMPILER_GLOBAL_ACCENT_COLOR_NAME = AccentColor;
				CODE_SIGN_STYLE = Automatic;
				CURRENT_PROJECT_VERSION = 1;
				GENERATE_INFOPLIST_FILE = YES;
				INFOPLIST_FILE = CollectionView/Info.plist;
				INFOPLIST_KEY_UIApplicationSupportsIndirectInputEvents = YES;
				INFOPLIST_KEY_UILaunchStoryboardName = LaunchScreen;
				INFOPLIST_KEY_UIMainStoryboardFile = Main;
				INFOPLIST_KEY_UISupportedInterfaceOrientations_iPad = "UIInterfaceOrientationPortrait UIInterfaceOrientationPortraitUpsideDown UIInterfaceOrientationLandscapeLeft UIInterfaceOrientationLandscapeRight";
				INFOPLIST_KEY_UISupportedInterfaceOrientations_iPhone = "UIInterfaceOrientationPortrait UIInterfaceOrientationLandscapeLeft UIInterfaceOrientationLandscapeRight";
				LD_RUNPATH_SEARCH_PATHS = (
					"$(inherited)",
					"@executable_path/Frameworks",
				);
				MARKETING_VERSION = 1.0;
				PRODUCT_BUNDLE_IDENTIFIER = manasi.CollectionView;
				PRODUCT_NAME = "$(TARGET_NAME)";
				SWIFT_EMIT_LOC_STRINGS = YES;
				SWIFT_VERSION = 5.0;
				TARGETED_DEVICE_FAMILY = "1,2";
			};
			name = Release;
		};
		D5D6DC752CED9F9500035FD4 /* Debug */ = {
			isa = XCBuildConfiguration;
			buildSettings = {
				ALWAYS_EMBED_SWIFT_STANDARD_LIBRARIES = YES;
				BUNDLE_LOADER = "$(TEST_HOST)";
				CODE_SIGN_STYLE = Automatic;
				CURRENT_PROJECT_VERSION = 1;
				GENERATE_INFOPLIST_FILE = YES;
				IPHONEOS_DEPLOYMENT_TARGET = 17.5;
				MARKETING_VERSION = 1.0;
				PRODUCT_BUNDLE_IDENTIFIER = manasi.CollectionViewTests;
				PRODUCT_NAME = "$(TARGET_NAME)";
				SWIFT_EMIT_LOC_STRINGS = NO;
				SWIFT_VERSION = 5.0;
				TARGETED_DEVICE_FAMILY = "1,2";
				TEST_HOST = "$(BUILT_PRODUCTS_DIR)/CollectionView.app/$(BUNDLE_EXECUTABLE_FOLDER_PATH)/CollectionView";
			};
			name = Debug;
		};
		D5D6DC762CED9F9500035FD4 /* Release */ = {
			isa = XCBuildConfiguration;
			buildSettings = {
				ALWAYS_EMBED_SWIFT_STANDARD_LIBRARIES = YES;
				BUNDLE_LOADER = "$(TEST_HOST)";
				CODE_SIGN_STYLE = Automatic;
				CURRENT_PROJECT_VERSION = 1;
				GENERATE_INFOPLIST_FILE = YES;
				IPHONEOS_DEPLOYMENT_TARGET = 17.5;
				MARKETING_VERSION = 1.0;
				PRODUCT_BUNDLE_IDENTIFIER = manasi.CollectionViewTests;
				PRODUCT_NAME = "$(TARGET_NAME)";
				SWIFT_EMIT_LOC_STRINGS = NO;
				SWIFT_VERSION = 5.0;
				TARGETED_DEVICE_FAMILY = "1,2";
				TEST_HOST = "$(BUILT_PRODUCTS_DIR)/CollectionView.app/$(BUNDLE_EXECUTABLE_FOLDER_PATH)/CollectionView";
			};
			name = Release;
		};
		D5D6DC782CED9F9500035FD4 /* Debug */ = {
			isa = XCBuildConfiguration;
			buildSettings = {
				ALWAYS_EMBED_SWIFT_STANDARD_LIBRARIES = YES;
				CODE_SIGN_STYLE = Automatic;
				CURRENT_PROJECT_VERSION = 1;
				GENERATE_INFOPLIST_FILE = YES;
				MARKETING_VERSION = 1.0;
				PRODUCT_BUNDLE_IDENTIFIER = manasi.CollectionViewUITests;
				PRODUCT_NAME = "$(TARGET_NAME)";
				SWIFT_EMIT_LOC_STRINGS = NO;
				SWIFT_VERSION = 5.0;
				TARGETED_DEVICE_FAMILY = "1,2";
				TEST_TARGET_NAME = CollectionView;
			};
			name = Debug;
		};
		D5D6DC792CED9F9500035FD4 /* Release */ = {
			isa = XCBuildConfiguration;
			buildSettings = {
				ALWAYS_EMBED_SWIFT_STANDARD_LIBRARIES = YES;
				CODE_SIGN_STYLE = Automatic;
				CURRENT_PROJECT_VERSION = 1;
				GENERATE_INFOPLIST_FILE = YES;
				MARKETING_VERSION = 1.0;
				PRODUCT_BUNDLE_IDENTIFIER = manasi.CollectionViewUITests;
				PRODUCT_NAME = "$(TARGET_NAME)";
				SWIFT_EMIT_LOC_STRINGS = NO;
				SWIFT_VERSION = 5.0;
				TARGETED_DEVICE_FAMILY = "1,2";
				TEST_TARGET_NAME = CollectionView;
			};
			name = Release;
		};
/* End XCBuildConfiguration section */

/* Begin XCConfigurationList section */
		D5D6DC422CED9F9400035FD4 /* Build configuration list for PBXProject "CollectionView" */ = {
			isa = XCConfigurationList;
			buildConfigurations = (
				D5D6DC6F2CED9F9500035FD4 /* Debug */,
				D5D6DC702CED9F9500035FD4 /* Release */,
			);
			defaultConfigurationIsVisible = 0;
			defaultConfigurationName = Release;
		};
		D5D6DC712CED9F9500035FD4 /* Build configuration list for PBXNativeTarget "CollectionView" */ = {
			isa = XCConfigurationList;
			buildConfigurations = (
				D5D6DC722CED9F9500035FD4 /* Debug */,
				D5D6DC732CED9F9500035FD4 /* Release */,
			);
			defaultConfigurationIsVisible = 0;
			defaultConfigurationName = Release;
		};
		D5D6DC742CED9F9500035FD4 /* Build configuration list for PBXNativeTarget "CollectionViewTests" */ = {
			isa = XCConfigurationList;
			buildConfigurations = (
				D5D6DC752CED9F9500035FD4 /* Debug */,
				D5D6DC762CED9F9500035FD4 /* Release */,
			);
			defaultConfigurationIsVisible = 0;
			defaultConfigurationName = Release;
		};
		D5D6DC772CED9F9500035FD4 /* Build configuration list for PBXNativeTarget "CollectionViewUITests" */ = {
			isa = XCConfigurationList;
			buildConfigurations = (
				D5D6DC782CED9F9500035FD4 /* Debug */,
				D5D6DC792CED9F9500035FD4 /* Release */,
			);
			defaultConfigurationIsVisible = 0;
			defaultConfigurationName = Release;
		};
/* End XCConfigurationList section */
	};
	rootObject = D5D6DC3F2CED9F9400035FD4 /* Project object */;
}
